// !$*UTF8*$!
{
	archiveVersion = 1;
	classes = {
	};
	objectVersion = 50;
	objects = {

/* Begin PBXBuildFile section */
		183AE895233B13C0003DD1B6 /* AppDelegate.swift in Sources */ = {isa = PBXBuildFile; fileRef = 183AE894233B13C0003DD1B6 /* AppDelegate.swift */; };
		183AE897233B13C0003DD1B6 /* SceneDelegate.swift in Sources */ = {isa = PBXBuildFile; fileRef = 183AE896233B13C0003DD1B6 /* SceneDelegate.swift */; };
		183AE899233B13C0003DD1B6 /* ContentView.swift in Sources */ = {isa = PBXBuildFile; fileRef = 183AE898233B13C0003DD1B6 /* ContentView.swift */; };
		183AE89B233B13C2003DD1B6 /* Assets.xcassets in Resources */ = {isa = PBXBuildFile; fileRef = 183AE89A233B13C2003DD1B6 /* Assets.xcassets */; };
		183AE89E233B13C2003DD1B6 /* Preview Assets.xcassets in Resources */ = {isa = PBXBuildFile; fileRef = 183AE89D233B13C2003DD1B6 /* Preview Assets.xcassets */; };
		183AE8A1233B13C2003DD1B6 /* LaunchScreen.storyboard in Resources */ = {isa = PBXBuildFile; fileRef = 183AE89F233B13C2003DD1B6 /* LaunchScreen.storyboard */; };
		183AE8AC233B13C3003DD1B6 /* TableView_CollectionViewTests.swift in Sources */ = {isa = PBXBuildFile; fileRef = 183AE8AB233B13C3003DD1B6 /* TableView_CollectionViewTests.swift */; };
		183AE8B7233B13C3003DD1B6 /* TableView_CollectionViewUITests.swift in Sources */ = {isa = PBXBuildFile; fileRef = 183AE8B6233B13C3003DD1B6 /* TableView_CollectionViewUITests.swift */; };
/* End PBXBuildFile section */

/* Begin PBXContainerItemProxy section */
		183AE8A8233B13C3003DD1B6 /* PBXContainerItemProxy */ = {
			isa = PBXContainerItemProxy;
			containerPortal = 183AE889233B13C0003DD1B6 /* Project object */;
			proxyType = 1;
			remoteGlobalIDString = 183AE890233B13C0003DD1B6;
			remoteInfo = "TableView+CollectionView";
		};
		183AE8B3233B13C3003DD1B6 /* PBXContainerItemProxy */ = {
			isa = PBXContainerItemProxy;
			containerPortal = 183AE889233B13C0003DD1B6 /* Project object */;
			proxyType = 1;
			remoteGlobalIDString = 183AE890233B13C0003DD1B6;
			remoteInfo = "TableView+CollectionView";
		};
/* End PBXContainerItemProxy section */

/* Begin PBXFileReference section */
		183AE891233B13C0003DD1B6 /* TableView+CollectionView.app */ = {isa = PBXFileReference; explicitFileType = wrapper.application; includeInIndex = 0; path = "TableView+CollectionView.app"; sourceTree = BUILT_PRODUCTS_DIR; };
		183AE894233B13C0003DD1B6 /* AppDelegate.swift */ = {isa = PBXFileReference; lastKnownFileType = sourcecode.swift; path = AppDelegate.swift; sourceTree = "<group>"; };
		183AE896233B13C0003DD1B6 /* SceneDelegate.swift */ = {isa = PBXFileReference; lastKnownFileType = sourcecode.swift; path = SceneDelegate.swift; sourceTree = "<group>"; };
		183AE898233B13C0003DD1B6 /* ContentView.swift */ = {isa = PBXFileReference; lastKnownFileType = sourcecode.swift; path = ContentView.swift; sourceTree = "<group>"; };
		183AE89A233B13C2003DD1B6 /* Assets.xcassets */ = {isa = PBXFileReference; lastKnownFileType = folder.assetcatalog; path = Assets.xcassets; sourceTree = "<group>"; };
		183AE89D233B13C2003DD1B6 /* Preview Assets.xcassets */ = {isa = PBXFileReference; lastKnownFileType = folder.assetcatalog; path = "Preview Assets.xcassets"; sourceTree = "<group>"; };
		183AE8A0233B13C2003DD1B6 /* Base */ = {isa = PBXFileReference; lastKnownFileType = file.storyboard; name = Base; path = Base.lproj/LaunchScreen.storyboard; sourceTree = "<group>"; };
		183AE8A2233B13C2003DD1B6 /* Info.plist */ = {isa = PBXFileReference; lastKnownFileType = text.plist.xml; path = Info.plist; sourceTree = "<group>"; };
		183AE8A7233B13C3003DD1B6 /* TableView+CollectionViewTests.xctest */ = {isa = PBXFileReference; explicitFileType = wrapper.cfbundle; includeInIndex = 0; path = "TableView+CollectionViewTests.xctest"; sourceTree = BUILT_PRODUCTS_DIR; };
		183AE8AB233B13C3003DD1B6 /* TableView_CollectionViewTests.swift */ = {isa = PBXFileReference; lastKnownFileType = sourcecode.swift; path = TableView_CollectionViewTests.swift; sourceTree = "<group>"; };
		183AE8AD233B13C3003DD1B6 /* Info.plist */ = {isa = PBXFileReference; lastKnownFileType = text.plist.xml; path = Info.plist; sourceTree = "<group>"; };
		183AE8B2233B13C3003DD1B6 /* TableView+CollectionViewUITests.xctest */ = {isa = PBXFileReference; explicitFileType = wrapper.cfbundle; includeInIndex = 0; path = "TableView+CollectionViewUITests.xctest"; sourceTree = BUILT_PRODUCTS_DIR; };
		183AE8B6233B13C3003DD1B6 /* TableView_CollectionViewUITests.swift */ = {isa = PBXFileReference; lastKnownFileType = sourcecode.swift; path = TableView_CollectionViewUITests.swift; sourceTree = "<group>"; };
		183AE8B8233B13C3003DD1B6 /* Info.plist */ = {isa = PBXFileReference; lastKnownFileType = text.plist.xml; path = Info.plist; sourceTree = "<group>"; };
/* End PBXFileReference section */

/* Begin PBXFrameworksBuildPhase section */
		183AE88E233B13C0003DD1B6 /* Frameworks */ = {
			isa = PBXFrameworksBuildPhase;
			buildActionMask = 2147483647;
			files = (
			);
			runOnlyForDeploymentPostprocessing = 0;
		};
		183AE8A4233B13C3003DD1B6 /* Frameworks */ = {
			isa = PBXFrameworksBuildPhase;
			buildActionMask = 2147483647;
			files = (
			);
			runOnlyForDeploymentPostprocessing = 0;
		};
		183AE8AF233B13C3003DD1B6 /* Frameworks */ = {
			isa = PBXFrameworksBuildPhase;
			buildActionMask = 2147483647;
			files = (
			);
			runOnlyForDeploymentPostprocessing = 0;
		};
/* End PBXFrameworksBuildPhase section */

/* Begin PBXGroup section */
		183AE888233B13C0003DD1B6 = {
			isa = PBXGroup;
			children = (
				183AE893233B13C0003DD1B6 /* TableView+CollectionView */,
				183AE8AA233B13C3003DD1B6 /* TableView+CollectionViewTests */,
				183AE8B5233B13C3003DD1B6 /* TableView+CollectionViewUITests */,
				183AE892233B13C0003DD1B6 /* Products */,
			);
			sourceTree = "<group>";
		};
		183AE892233B13C0003DD1B6 /* Products */ = {
			isa = PBXGroup;
			children = (
				183AE891233B13C0003DD1B6 /* TableView+CollectionView.app */,
				183AE8A7233B13C3003DD1B6 /* TableView+CollectionViewTests.xctest */,
				183AE8B2233B13C3003DD1B6 /* TableView+CollectionViewUITests.xctest */,
			);
			name = Products;
			sourceTree = "<group>";
		};
		183AE893233B13C0003DD1B6 /* TableView+CollectionView */ = {
			isa = PBXGroup;
			children = (
				183AE894233B13C0003DD1B6 /* AppDelegate.swift */,
				183AE896233B13C0003DD1B6 /* SceneDelegate.swift */,
				183AE898233B13C0003DD1B6 /* ContentView.swift */,
				183AE89A233B13C2003DD1B6 /* Assets.xcassets */,
				183AE89F233B13C2003DD1B6 /* LaunchScreen.storyboard */,
				183AE8A2233B13C2003DD1B6 /* Info.plist */,
				183AE89C233B13C2003DD1B6 /* Preview Content */,
			);
			path = "TableView+CollectionView";
			sourceTree = "<group>";
		};
		183AE89C233B13C2003DD1B6 /* Preview Content */ = {
			isa = PBXGroup;
			children = (
				183AE89D233B13C2003DD1B6 /* Preview Assets.xcassets */,
			);
			path = "Preview Content";
			sourceTree = "<group>";
		};
		183AE8AA233B13C3003DD1B6 /* TableView+CollectionViewTests */ = {
			isa = PBXGroup;
			children = (
				183AE8AB233B13C3003DD1B6 /* TableView_CollectionViewTests.swift */,
				183AE8AD233B13C3003DD1B6 /* Info.plist */,
			);
			path = "TableView+CollectionViewTests";
			sourceTree = "<group>";
		};
		183AE8B5233B13C3003DD1B6 /* TableView+CollectionViewUITests */ = {
			isa = PBXGroup;
			children = (
				183AE8B6233B13C3003DD1B6 /* TableView_CollectionViewUITests.swift */,
				183AE8B8233B13C3003DD1B6 /* Info.plist */,
			);
			path = "TableView+CollectionViewUITests";
			sourceTree = "<group>";
		};
/* End PBXGroup section */

/* Begin PBXNativeTarget section */
		183AE890233B13C0003DD1B6 /* TableView+CollectionView */ = {
			isa = PBXNativeTarget;
			buildConfigurationList = 183AE8BB233B13C3003DD1B6 /* Build configuration list for PBXNativeTarget "TableView+CollectionView" */;
			buildPhases = (
				183AE88D233B13C0003DD1B6 /* Sources */,
				183AE88E233B13C0003DD1B6 /* Frameworks */,
				183AE88F233B13C0003DD1B6 /* Resources */,
			);
			buildRules = (
			);
			dependencies = (
			);
			name = "TableView+CollectionView";
			productName = "TableView+CollectionView";
			productReference = 183AE891233B13C0003DD1B6 /* TableView+CollectionView.app */;
			productType = "com.apple.product-type.application";
		};
		183AE8A6233B13C3003DD1B6 /* TableView+CollectionViewTests */ = {
			isa = PBXNativeTarget;
			buildConfigurationList = 183AE8BE233B13C3003DD1B6 /* Build configuration list for PBXNativeTarget "TableView+CollectionViewTests" */;
			buildPhases = (
				183AE8A3233B13C3003DD1B6 /* Sources */,
				183AE8A4233B13C3003DD1B6 /* Frameworks */,
				183AE8A5233B13C3003DD1B6 /* Resources */,
			);
			buildRules = (
			);
			dependencies = (
				183AE8A9233B13C3003DD1B6 /* PBXTargetDependency */,
			);
			name = "TableView+CollectionViewTests";
			productName = "TableView+CollectionViewTests";
			productReference = 183AE8A7233B13C3003DD1B6 /* TableView+CollectionViewTests.xctest */;
			productType = "com.apple.product-type.bundle.unit-test";
		};
		183AE8B1233B13C3003DD1B6 /* TableView+CollectionViewUITests */ = {
			isa = PBXNativeTarget;
			buildConfigurationList = 183AE8C1233B13C3003DD1B6 /* Build configuration list for PBXNativeTarget "TableView+CollectionViewUITests" */;
			buildPhases = (
				183AE8AE233B13C3003DD1B6 /* Sources */,
				183AE8AF233B13C3003DD1B6 /* Frameworks */,
				183AE8B0233B13C3003DD1B6 /* Resources */,
			);
			buildRules = (
			);
			dependencies = (
				183AE8B4233B13C3003DD1B6 /* PBXTargetDependency */,
			);
			name = "TableView+CollectionViewUITests";
			productName = "TableView+CollectionViewUITests";
			productReference = 183AE8B2233B13C3003DD1B6 /* TableView+CollectionViewUITests.xctest */;
			productType = "com.apple.product-type.bundle.ui-testing";
		};
/* End PBXNativeTarget section */

/* Begin PBXProject section */
		183AE889233B13C0003DD1B6 /* Project object */ = {
			isa = PBXProject;
			attributes = {
				LastSwiftUpdateCheck = 1100;
				LastUpgradeCheck = 1100;
				ORGANIZATIONNAME = apple;
				TargetAttributes = {
					183AE890233B13C0003DD1B6 = {
						CreatedOnToolsVersion = 11.0;
					};
					183AE8A6233B13C3003DD1B6 = {
						CreatedOnToolsVersion = 11.0;
						TestTargetID = 183AE890233B13C0003DD1B6;
					};
					183AE8B1233B13C3003DD1B6 = {
						CreatedOnToolsVersion = 11.0;
						TestTargetID = 183AE890233B13C0003DD1B6;
					};
				};
			};
			buildConfigurationList = 183AE88C233B13C0003DD1B6 /* Build configuration list for PBXProject "TableView+CollectionView" */;
			compatibilityVersion = "Xcode 9.3";
			developmentRegion = en;
			hasScannedForEncodings = 0;
			knownRegions = (
				en,
				Base,
			);
			mainGroup = 183AE888233B13C0003DD1B6;
			productRefGroup = 183AE892233B13C0003DD1B6 /* Products */;
			projectDirPath = "";
			projectRoot = "";
			targets = (
				183AE890233B13C0003DD1B6 /* TableView+CollectionView */,
				183AE8A6233B13C3003DD1B6 /* TableView+CollectionViewTests */,
				183AE8B1233B13C3003DD1B6 /* TableView+CollectionViewUITests */,
			);
		};
/* End PBXProject section */

/* Begin PBXResourcesBuildPhase section */
		183AE88F233B13C0003DD1B6 /* Resources */ = {
			isa = PBXResourcesBuildPhase;
			buildActionMask = 2147483647;
			files = (
				183AE8A1233B13C2003DD1B6 /* LaunchScreen.storyboard in Resources */,
				183AE89E233B13C2003DD1B6 /* Preview Assets.xcassets in Resources */,
				183AE89B233B13C2003DD1B6 /* Assets.xcassets in Resources */,
			);
			runOnlyForDeploymentPostprocessing = 0;
		};
		183AE8A5233B13C3003DD1B6 /* Resources */ = {
			isa = PBXResourcesBuildPhase;
			buildActionMask = 2147483647;
			files = (
			);
			runOnlyForDeploymentPostprocessing = 0;
		};
		183AE8B0233B13C3003DD1B6 /* Resources */ = {
			isa = PBXResourcesBuildPhase;
			buildActionMask = 2147483647;
			files = (
			);
			runOnlyForDeploymentPostprocessing = 0;
		};
/* End PBXResourcesBuildPhase section */

/* Begin PBXSourcesBuildPhase section */
		183AE88D233B13C0003DD1B6 /* Sources */ = {
			isa = PBXSourcesBuildPhase;
			buildActionMask = 2147483647;
			files = (
				183AE895233B13C0003DD1B6 /* AppDelegate.swift in Sources */,
				183AE897233B13C0003DD1B6 /* SceneDelegate.swift in Sources */,
				183AE899233B13C0003DD1B6 /* ContentView.swift in Sources */,
			);
			runOnlyForDeploymentPostprocessing = 0;
		};
		183AE8A3233B13C3003DD1B6 /* Sources */ = {
			isa = PBXSourcesBuildPhase;
			buildActionMask = 2147483647;
			files = (
				183AE8AC233B13C3003DD1B6 /* TableView_CollectionViewTests.swift in Sources */,
			);
			runOnlyForDeploymentPostprocessing = 0;
		};
		183AE8AE233B13C3003DD1B6 /* Sources */ = {
			isa = PBXSourcesBuildPhase;
			buildActionMask = 2147483647;
			files = (
				183AE8B7233B13C3003DD1B6 /* TableView_CollectionViewUITests.swift in Sources */,
			);
			runOnlyForDeploymentPostprocessing = 0;
		};
/* End PBXSourcesBuildPhase section */

/* Begin PBXTargetDependency section */
		183AE8A9233B13C3003DD1B6 /* PBXTargetDependency */ = {
			isa = PBXTargetDependency;
			target = 183AE890233B13C0003DD1B6 /* TableView+CollectionView */;
			targetProxy = 183AE8A8233B13C3003DD1B6 /* PBXContainerItemProxy */;
		};
		183AE8B4233B13C3003DD1B6 /* PBXTargetDependency */ = {
			isa = PBXTargetDependency;
			target = 183AE890233B13C0003DD1B6 /* TableView+CollectionView */;
			targetProxy = 183AE8B3233B13C3003DD1B6 /* PBXContainerItemProxy */;
		};
/* End PBXTargetDependency section */

/* Begin PBXVariantGroup section */
		183AE89F233B13C2003DD1B6 /* LaunchScreen.storyboard */ = {
			isa = PBXVariantGroup;
			children = (
				183AE8A0233B13C2003DD1B6 /* Base */,
			);
			name = LaunchScreen.storyboard;
			sourceTree = "<group>";
		};
/* End PBXVariantGroup section */

/* Begin XCBuildConfiguration section */
		183AE8B9233B13C3003DD1B6 /* Debug */ = {
			isa = XCBuildConfiguration;
			buildSettings = {
				ALWAYS_SEARCH_USER_PATHS = NO;
				CLANG_ANALYZER_NONNULL = YES;
				CLANG_ANALYZER_NUMBER_OBJECT_CONVERSION = YES_AGGRESSIVE;
				CLANG_CXX_LANGUAGE_STANDARD = "gnu++14";
				CLANG_CXX_LIBRARY = "libc++";
				CLANG_ENABLE_MODULES = YES;
				CLANG_ENABLE_OBJC_ARC = YES;
				CLANG_ENABLE_OBJC_WEAK = YES;
				CLANG_WARN_BLOCK_CAPTURE_AUTORELEASING = YES;
				CLANG_WARN_BOOL_CONVERSION = YES;
				CLANG_WARN_COMMA = YES;
				CLANG_WARN_CONSTANT_CONVERSION = YES;
				CLANG_WARN_DEPRECATED_OBJC_IMPLEMENTATIONS = YES;
				CLANG_WARN_DIRECT_OBJC_ISA_USAGE = YES_ERROR;
				CLANG_WARN_DOCUMENTATION_COMMENTS = YES;
				CLANG_WARN_EMPTY_BODY = YES;
				CLANG_WARN_ENUM_CONVERSION = YES;
				CLANG_WARN_INFINITE_RECURSION = YES;
				CLANG_WARN_INT_CONVERSION = YES;
				CLANG_WARN_NON_LITERAL_NULL_CONVERSION = YES;
				CLANG_WARN_OBJC_IMPLICIT_RETAIN_SELF = YES;
				CLANG_WARN_OBJC_LITERAL_CONVERSION = YES;
				CLANG_WARN_OBJC_ROOT_CLASS = YES_ERROR;
				CLANG_WARN_RANGE_LOOP_ANALYSIS = YES;
				CLANG_WARN_STRICT_PROTOTYPES = YES;
				CLANG_WARN_SUSPICIOUS_MOVE = YES;
				CLANG_WARN_UNGUARDED_AVAILABILITY = YES_AGGRESSIVE;
				CLANG_WARN_UNREACHABLE_CODE = YES;
				CLANG_WARN__DUPLICATE_METHOD_MATCH = YES;
				COPY_PHASE_STRIP = NO;
				DEBUG_INFORMATION_FORMAT = dwarf;
				ENABLE_STRICT_OBJC_MSGSEND = YES;
				ENABLE_TESTABILITY = YES;
				GCC_C_LANGUAGE_STANDARD = gnu11;
				GCC_DYNAMIC_NO_PIC = NO;
				GCC_NO_COMMON_BLOCKS = YES;
				GCC_OPTIMIZATION_LEVEL = 0;
				GCC_PREPROCESSOR_DEFINITIONS = (
					"DEBUG=1",
					"$(inherited)",
				);
				GCC_WARN_64_TO_32_BIT_CONVERSION = YES;
				GCC_WARN_ABOUT_RETURN_TYPE = YES_ERROR;
				GCC_WARN_UNDECLARED_SELECTOR = YES;
				GCC_WARN_UNINITIALIZED_AUTOS = YES_AGGRESSIVE;
				GCC_WARN_UNUSED_FUNCTION = YES;
				GCC_WARN_UNUSED_VARIABLE = YES;
				IPHONEOS_DEPLOYMENT_TARGET = 13.0;
				MTL_ENABLE_DEBUG_INFO = INCLUDE_SOURCE;
				MTL_FAST_MATH = YES;
				ONLY_ACTIVE_ARCH = YES;
				SDKROOT = iphoneos;
				SWIFT_ACTIVE_COMPILATION_CONDITIONS = DEBUG;
				SWIFT_OPTIMIZATION_LEVEL = "-Onone";
			};
			name = Debug;
		};
		183AE8BA233B13C3003DD1B6 /* Release */ = {
			isa = XCBuildConfiguration;
			buildSettings = {
				ALWAYS_SEARCH_USER_PATHS = NO;
				CLANG_ANALYZER_NONNULL = YES;
				CLANG_ANALYZER_NUMBER_OBJECT_CONVERSION = YES_AGGRESSIVE;
				CLANG_CXX_LANGUAGE_STANDARD = "gnu++14";
				CLANG_CXX_LIBRARY = "libc++";
				CLANG_ENABLE_MODULES = YES;
				CLANG_ENABLE_OBJC_ARC = YES;
				CLANG_ENABLE_OBJC_WEAK = YES;
				CLANG_WARN_BLOCK_CAPTURE_AUTORELEASING = YES;
				CLANG_WARN_BOOL_CONVERSION = YES;
				CLANG_WARN_COMMA = YES;
				CLANG_WARN_CONSTANT_CONVERSION = YES;
				CLANG_WARN_DEPRECATED_OBJC_IMPLEMENTATIONS = YES;
				CLANG_WARN_DIRECT_OBJC_ISA_USAGE = YES_ERROR;
				CLANG_WARN_DOCUMENTATION_COMMENTS = YES;
				CLANG_WARN_EMPTY_BODY = YES;
				CLANG_WARN_ENUM_CONVERSION = YES;
				CLANG_WARN_INFINITE_RECURSION = YES;
				CLANG_WARN_INT_CONVERSION = YES;
				CLANG_WARN_NON_LITERAL_NULL_CONVERSION = YES;
				CLANG_WARN_OBJC_IMPLICIT_RETAIN_SELF = YES;
				CLANG_WARN_OBJC_LITERAL_CONVERSION = YES;
				CLANG_WARN_OBJC_ROOT_CLASS = YES_ERROR;
				CLANG_WARN_RANGE_LOOP_ANALYSIS = YES;
				CLANG_WARN_STRICT_PROTOTYPES = YES;
				CLANG_WARN_SUSPICIOUS_MOVE = YES;
				CLANG_WARN_UNGUARDED_AVAILABILITY = YES_AGGRESSIVE;
				CLANG_WARN_UNREACHABLE_CODE = YES;
				CLANG_WARN__DUPLICATE_METHOD_MATCH = YES;
				COPY_PHASE_STRIP = NO;
				DEBUG_INFORMATION_FORMAT = "dwarf-with-dsym";
				ENABLE_NS_ASSERTIONS = NO;
				ENABLE_STRICT_OBJC_MSGSEND = YES;
				GCC_C_LANGUAGE_STANDARD = gnu11;
				GCC_NO_COMMON_BLOCKS = YES;
				GCC_WARN_64_TO_32_BIT_CONVERSION = YES;
				GCC_WARN_ABOUT_RETURN_TYPE = YES_ERROR;
				GCC_WARN_UNDECLARED_SELECTOR = YES;
				GCC_WARN_UNINITIALIZED_AUTOS = YES_AGGRESSIVE;
				GCC_WARN_UNUSED_FUNCTION = YES;
				GCC_WARN_UNUSED_VARIABLE = YES;
				IPHONEOS_DEPLOYMENT_TARGET = 13.0;
				MTL_ENABLE_DEBUG_INFO = NO;
				MTL_FAST_MATH = YES;
				SDKROOT = iphoneos;
				SWIFT_COMPILATION_MODE = wholemodule;
				SWIFT_OPTIMIZATION_LEVEL = "-O";
				VALIDATE_PRODUCT = YES;
			};
			name = Release;
		};
		183AE8BC233B13C3003DD1B6 /* Debug */ = {
			isa = XCBuildConfiguration;
			buildSettings = {
				ASSETCATALOG_COMPILER_APPICON_NAME = AppIcon;
				CODE_SIGN_STYLE = Automatic;
				DEVELOPMENT_ASSET_PATHS = "\"TableView+CollectionView/Preview Content\"";
				ENABLE_PREVIEWS = YES;
				INFOPLIST_FILE = "TableView+CollectionView/Info.plist";
				LD_RUNPATH_SEARCH_PATHS = (
					"$(inherited)",
					"@executable_path/Frameworks",
				);
				PRODUCT_BUNDLE_IDENTIFIER = "com.ime.test190415.TableView-CollectionView";
				PRODUCT_NAME = "$(TARGET_NAME)";
				SWIFT_VERSION = 5.0;
				TARGETED_DEVICE_FAMILY = "1,2";
			};
			name = Debug;
		};
		183AE8BD233B13C3003DD1B6 /* Release */ = {
			isa = XCBuildConfiguration;
			buildSettings = {
				ASSETCATALOG_COMPILER_APPICON_NAME = AppIcon;
				CODE_SIGN_STYLE = Automatic;
				DEVELOPMENT_ASSET_PATHS = "\"TableView+CollectionView/Preview Content\"";
				ENABLE_PREVIEWS = YES;
				INFOPLIST_FILE = "TableView+CollectionView/Info.plist";
				LD_RUNPATH_SEARCH_PATHS = (
					"$(inherited)",
					"@executable_path/Frameworks",
				);
				PRODUCT_BUNDLE_IDENTIFIER = "com.ime.test190415.TableView-CollectionView";
				PRODUCT_NAME = "$(TARGET_NAME)";
				SWIFT_VERSION = 5.0;
				TARGETED_DEVICE_FAMILY = "1,2";
			};
			name = Release;
		};
		183AE8BF233B13C3003DD1B6 /* Debug */ = {
			isa = XCBuildConfiguration;
			buildSettings = {
				ALWAYS_EMBED_SWIFT_STANDARD_LIBRARIES = YES;
				BUNDLE_LOADER = "$(TEST_HOST)";
				CODE_SIGN_STYLE = Automatic;
				INFOPLIST_FILE = "TableView+CollectionViewTests/Info.plist";
				IPHONEOS_DEPLOYMENT_TARGET = 13.0;
				LD_RUNPATH_SEARCH_PATHS = (
					"$(inherited)",
					"@executable_path/Frameworks",
					"@loader_path/Frameworks",
				);
				PRODUCT_BUNDLE_IDENTIFIER = "com.ime.test190415.TableView-CollectionViewTests";
				PRODUCT_NAME = "$(TARGET_NAME)";
				SWIFT_VERSION = 5.0;
				TARGETED_DEVICE_FAMILY = "1,2";
				TEST_HOST = "$(BUILT_PRODUCTS_DIR)/TableView+CollectionView.app/TableView+CollectionView";
			};
			name = Debug;
		};
		183AE8C0233B13C3003DD1B6 /* Release */ = {
			isa = XCBuildConfiguration;
			buildSettings = {
				ALWAYS_EMBED_SWIFT_STANDARD_LIBRARIES = YES;
				BUNDLE_LOADER = "$(TEST_HOST)";
				CODE_SIGN_STYLE = Automatic;
				INFOPLIST_FILE = "TableView+CollectionViewTests/Info.plist";
				IPHONEOS_DEPLOYMENT_TARGET = 13.0;
				LD_RUNPATH_SEARCH_PATHS = (
					"$(inherited)",
					"@executable_path/Frameworks",
					"@loader_path/Frameworks",
				);
				PRODUCT_BUNDLE_IDENTIFIER = "com.ime.test190415.TableView-CollectionViewTests";
				PRODUCT_NAME = "$(TARGET_NAME)";
				SWIFT_VERSION = 5.0;
				TARGETED_DEVICE_FAMILY = "1,2";
				TEST_HOST = "$(BUILT_PRODUCTS_DIR)/TableView+CollectionView.app/TableView+CollectionView";
			};
			name = Release;
		};
		183AE8C2233B13C3003DD1B6 /* Debug */ = {
			isa = XCBuildConfiguration;
			buildSettings = {
				ALWAYS_EMBED_SWIFT_STANDARD_LIBRARIES = YES;
				CODE_SIGN_STYLE = Automatic;
				INFOPLIST_FILE = "TableView+CollectionViewUITests/Info.plist";
				LD_RUNPATH_SEARCH_PATHS = (
					"$(inherited)",
					"@executable_path/Frameworks",
					"@loader_path/Frameworks",
				);
				PRODUCT_BUNDLE_IDENTIFIER = "com.ime.test190415.TableView-CollectionViewUITests";
				PRODUCT_NAME = "$(TARGET_NAME)";
				SWIFT_VERSION = 5.0;
				TARGETED_DEVICE_FAMILY = "1,2";
				TEST_TARGET_NAME = "TableView+CollectionView";
			};
			name = Debug;
		};
		183AE8C3233B13C3003DD1B6 /* Release */ = {
			isa = XCBuildConfiguration;
			buildSettings = {
				ALWAYS_EMBED_SWIFT_STANDARD_LIBRARIES = YES;
				CODE_SIGN_STYLE = Automatic;
				INFOPLIST_FILE = "TableView+CollectionViewUITests/Info.plist";
				LD_RUNPATH_SEARCH_PATHS = (
					"$(inherited)",
					"@executable_path/Frameworks",
					"@loader_path/Frameworks",
				);
				PRODUCT_BUNDLE_IDENTIFIER = "com.ime.test190415.TableView-CollectionViewUITests";
				PRODUCT_NAME = "$(TARGET_NAME)";
				SWIFT_VERSION = 5.0;
				TARGETED_DEVICE_FAMILY = "1,2";
				TEST_TARGET_NAME = "TableView+CollectionView";
			};
			name = Release;
		};
/* End XCBuildConfiguration section */

/* Begin XCConfigurationList section */
		183AE88C233B13C0003DD1B6 /* Build configuration list for PBXProject "TableView+CollectionView" */ = {
			isa = XCConfigurationList;
			buildConfigurations = (
				183AE8B9233B13C3003DD1B6 /* Debug */,
				183AE8BA233B13C3003DD1B6 /* Release */,
			);
			defaultConfigurationIsVisible = 0;
			defaultConfigurationName = Release;
		};
		183AE8BB233B13C3003DD1B6 /* Build configuration list for PBXNativeTarget "TableView+CollectionView" */ = {
			isa = XCConfigurationList;
			buildConfigurations = (
				183AE8BC233B13C3003DD1B6 /* Debug */,
				183AE8BD233B13C3003DD1B6 /* Release */,
			);
			defaultConfigurationIsVisible = 0;
			defaultConfigurationName = Release;
		};
		183AE8BE233B13C3003DD1B6 /* Build configuration list for PBXNativeTarget "TableView+CollectionViewTests" */ = {
			isa = XCConfigurationList;
			buildConfigurations = (
				183AE8BF233B13C3003DD1B6 /* Debug */,
				183AE8C0233B13C3003DD1B6 /* Release */,
			);
			defaultConfigurationIsVisible = 0;
			defaultConfigurationName = Release;
		};
		183AE8C1233B13C3003DD1B6 /* Build configuration list for PBXNativeTarget "TableView+CollectionViewUITests" */ = {
			isa = XCConfigurationList;
			buildConfigurations = (
				183AE8C2233B13C3003DD1B6 /* Debug */,
				183AE8C3233B13C3003DD1B6 /* Release */,
			);
			defaultConfigurationIsVisible = 0;
			defaultConfigurationName = Release;
		};
/* End XCConfigurationList section */
	};
	rootObject = 183AE889233B13C0003DD1B6 /* Project object */;
}
